# This file is automatically @generated by Cargo.
# It is not intended for manual editing.
version = 3

[[package]]
name = "c01_hello_world"
version = "0.1.0"

[[package]]
name = "c02_variables_and_mutability"
version = "0.1.0"

[[package]]
name = "c03_data_types"
version = "0.1.0"

[[package]]
name = "c04_function"
version = "0.1.0"

[[package]]
name = "c05_control_flow"
version = "0.1.0"

[[package]]
name = "c06_ownership"
version = "0.1.0"

[[package]]
name = "c07_reference_and_borrow"
version = "0.1.0"

[[package]]
name = "c08_slice"
version = "0.1.0"

[[package]]
name = "c09_struct"
version = "0.1.0"

[[package]]
name = "c10_enum"
version = "0.1.0"

[[package]]
name = "c11_match"
version = "0.1.0"

[[package]]
name = "c12_if_let"
version = "0.1.0"

[[package]]
name = "c13_crate"
version = "0.1.0"

[[package]]
name = "c14_collections"
version = "0.1.0"

[[package]]
name = "c15_errors"
version = "0.1.0"

[[package]]
name = "c16_generics"
version = "0.1.0"

[[package]]
name = "c17_trait"
version = "0.1.0"

[[package]]
name = "c18_lifetime"
version = "0.1.0"

[[package]]
name = "c19_testing"
version = "0.1.0"

[[package]]
name = "c20_closure"
version = "0.1.0"

[[package]]
name = "c21_iterators"
version = "0.1.0"

[[package]]
name = "c22_smart_points"
version = "0.1.0"

[[package]]
name = "c23_threads"
version = "0.1.0"

[[package]]
name = "c24_oop"
version = "0.1.0"

[[package]]
name = "c25_patterns"
version = "0.1.0"

[[package]]
name = "c26_advanced_features"
version = "0.1.0"
dependencies = [
 "quote",
 "syn",
]

[[package]]
name = "c27_web_server"
version = "0.1.0"

[[package]]
name = "proc-macro2"
version = "1.0.52"
source = "registry+https://github.com/rust-lang/crates.io-index"
checksum = "1d0e1ae9e836cc3beddd63db0df682593d7e2d3d891ae8c9083d2113e1744224"
dependencies = [
 "unicode-ident",
]

[[package]]
name = "quote"
version = "1.0.26"
source = "registry+https://github.com/rust-lang/crates.io-index"
checksum = "4424af4bf778aae2051a77b60283332f386554255d722233d09fbfc7e30da2fc"
dependencies = [
 "proc-macro2",
]

[[package]]
name = "syn"
version = "1.0.109"
source = "registry+https://github.com/rust-lang/crates.io-index"
checksum = "72b64191b275b66ffe2469e8af2c1cfe3bafa67b529ead792a6d0160888b4237"
dependencies = [
 "proc-macro2",
 "quote",
 "unicode-ident",
]

[[package]]
name = "unicode-ident"
version = "1.0.8"
source = "registry+https://github.com/rust-lang/crates.io-index"
checksum = "e5464a87b239f13a63a501f2701565754bae92d243d4bb7eb12f6d57d2269bf4"
